
Microsoft Visual Studio Solution File, Format Version 12.00
# Visual Studio Version 17
VisualStudioVersion = 17.5.33516.290
MinimumVisualStudioVersion = 10.0.40219.1
Project("{9A19103F-16F7-4668-BE54-9A1E7A4F7556}") = "Ejercicio1", "Ejercicio1\Ejercicio1.csproj", "{D0958F6A-FAC1-4F9B-9134-2BB69B952650}"
EndProject
Project("{FAE04EC0-301F-11D3-BF4B-00C04F79EFBC}") = "Ejercicio2", "Ejercicio2\Ejercicio2.csproj", "{AD192E32-3CEE-4253-8DC4-63E723045A3C}"
EndProject
Global
	GlobalSection(SolutionConfigurationPlatforms) = preSolution
		Debug|Any CPU = Debug|Any CPU
		Release|Any CPU = Release|Any CPU
	EndGlobalSection
	GlobalSection(ProjectConfigurationPlatforms) = postSolution
		{D0958F6A-FAC1-4F9B-9134-2BB69B952650}.Debug|Any CPU.ActiveCfg = Debug|Any CPU
		{D0958F6A-FAC1-4F9B-9134-2BB69B952650}.Debug|Any CPU.Build.0 = Debug|Any CPU
		{D0958F6A-FAC1-4F9B-9134-2BB69B952650}.Release|Any CPU.ActiveCfg = Release|Any CPU
		{D0958F6A-FAC1-4F9B-9134-2BB69B952650}.Release|Any CPU.Build.0 = Release|Any CPU
		{AD192E32-3CEE-4253-8DC4-63E723045A3C}.Debug|Any CPU.ActiveCfg = Debug|Any CPU
		{AD192E32-3CEE-4253-8DC4-63E723045A3C}.Debug|Any CPU.Build.0 = Debug|Any CPU
		{AD192E32-3CEE-4253-8DC4-63E723045A3C}.Release|Any CPU.ActiveCfg = Release|Any CPU
		{AD192E32-3CEE-4253-8DC4-63E723045A3C}.Release|Any CPU.Build.0 = Release|Any CPU
	EndGlobalSection
	GlobalSection(SolutionProperties) = preSolution
		HideSolutionNode = FALSE
	EndGlobalSection
	GlobalSection(ExtensibilityGlobals) = postSolution
		SolutionGuid = {46423AE1-8F37-4F60-9E49-02D670898048}
	EndGlobalSection
EndGlobal
