
Microsoft Visual Studio Solution File, Format Version 12.00
# Visual Studio Version 17
VisualStudioVersion = 17.5.33516.290
MinimumVisualStudioVersion = 10.0.40219.1
Project("{9A19103F-16F7-4668-BE54-9A1E7A4F7556}") = "Ejercicio1", "Ejercicio1\Ejercicio1.csproj", "{D0958F6A-FAC1-4F9B-9134-2BB69B952650}"
EndProject
Project("{9A19103F-16F7-4668-BE54-9A1E7A4F7556}") = "Ejercicio2", "Ejercicio2\Ejercicio2.csproj", "{AD192E32-3CEE-4253-8DC4-63E723045A3C}"
EndProject
Project("{9A19103F-16F7-4668-BE54-9A1E7A4F7556}") = "Ejercicio3", "Ejercicio3\Ejercicio3.csproj", "{53B6D2B4-1EEC-4852-A0F7-806C30DD3EFB}"
EndProject
Project("{9A19103F-16F7-4668-BE54-9A1E7A4F7556}") = "OOPEjercicio1", "OOPEjercicio1\OOPEjercicio1.csproj", "{CBAC84E7-2E3F-493C-A813-93EDD5AB872D}"
EndProject
Project("{9A19103F-16F7-4668-BE54-9A1E7A4F7556}") = "OOPEjercicio2", "OOPEjercicio2\OOPEjercicio2.csproj", "{3D1F27FE-2FD5-41D6-9FFA-83E606CCBE8B}"
EndProject
Project("{FAE04EC0-301F-11D3-BF4B-00C04F79EFBC}") = "OOPEjercicio3", "OOPEjercicio3\OOPEjercicio3.csproj", "{115EBEDA-EC57-4DF8-9542-3BC8A4DDDCD4}"
EndProject
Project("{FAE04EC0-301F-11D3-BF4B-00C04F79EFBC}") = "OOPEjercicio4", "OOPEjercicio4\OOPEjercicio4.csproj", "{270D22BF-5F70-4BAA-AC9D-E11EEFA4AF06}"
EndProject
Project("{FAE04EC0-301F-11D3-BF4B-00C04F79EFBC}") = "OOPEjercicioA1", "OOPEjercicioA1\OOPEjercicioA1.csproj", "{0F4C3717-8B09-4DCF-8B24-D472277F98F2}"
EndProject
Project("{FAE04EC0-301F-11D3-BF4B-00C04F79EFBC}") = "BibliotecaClases", "BibliotecaClases\BibliotecaClases.csproj", "{A5F26B1E-B3EE-4F5C-A959-9FFFAAE382D6}"
EndProject
Global
	GlobalSection(SolutionConfigurationPlatforms) = preSolution
		Debug|Any CPU = Debug|Any CPU
		Release|Any CPU = Release|Any CPU
	EndGlobalSection
	GlobalSection(ProjectConfigurationPlatforms) = postSolution
		{D0958F6A-FAC1-4F9B-9134-2BB69B952650}.Debug|Any CPU.ActiveCfg = Debug|Any CPU
		{D0958F6A-FAC1-4F9B-9134-2BB69B952650}.Debug|Any CPU.Build.0 = Debug|Any CPU
		{D0958F6A-FAC1-4F9B-9134-2BB69B952650}.Release|Any CPU.ActiveCfg = Release|Any CPU
		{D0958F6A-FAC1-4F9B-9134-2BB69B952650}.Release|Any CPU.Build.0 = Release|Any CPU
		{AD192E32-3CEE-4253-8DC4-63E723045A3C}.Debug|Any CPU.ActiveCfg = Debug|Any CPU
		{AD192E32-3CEE-4253-8DC4-63E723045A3C}.Debug|Any CPU.Build.0 = Debug|Any CPU
		{AD192E32-3CEE-4253-8DC4-63E723045A3C}.Release|Any CPU.ActiveCfg = Release|Any CPU
		{AD192E32-3CEE-4253-8DC4-63E723045A3C}.Release|Any CPU.Build.0 = Release|Any CPU
		{53B6D2B4-1EEC-4852-A0F7-806C30DD3EFB}.Debug|Any CPU.ActiveCfg = Debug|Any CPU
		{53B6D2B4-1EEC-4852-A0F7-806C30DD3EFB}.Debug|Any CPU.Build.0 = Debug|Any CPU
		{53B6D2B4-1EEC-4852-A0F7-806C30DD3EFB}.Release|Any CPU.ActiveCfg = Release|Any CPU
		{53B6D2B4-1EEC-4852-A0F7-806C30DD3EFB}.Release|Any CPU.Build.0 = Release|Any CPU
		{CBAC84E7-2E3F-493C-A813-93EDD5AB872D}.Debug|Any CPU.ActiveCfg = Debug|Any CPU
		{CBAC84E7-2E3F-493C-A813-93EDD5AB872D}.Debug|Any CPU.Build.0 = Debug|Any CPU
		{CBAC84E7-2E3F-493C-A813-93EDD5AB872D}.Release|Any CPU.ActiveCfg = Release|Any CPU
		{CBAC84E7-2E3F-493C-A813-93EDD5AB872D}.Release|Any CPU.Build.0 = Release|Any CPU
		{3D1F27FE-2FD5-41D6-9FFA-83E606CCBE8B}.Debug|Any CPU.ActiveCfg = Debug|Any CPU
		{3D1F27FE-2FD5-41D6-9FFA-83E606CCBE8B}.Debug|Any CPU.Build.0 = Debug|Any CPU
		{3D1F27FE-2FD5-41D6-9FFA-83E606CCBE8B}.Release|Any CPU.ActiveCfg = Release|Any CPU
		{3D1F27FE-2FD5-41D6-9FFA-83E606CCBE8B}.Release|Any CPU.Build.0 = Release|Any CPU
		{115EBEDA-EC57-4DF8-9542-3BC8A4DDDCD4}.Debug|Any CPU.ActiveCfg = Debug|Any CPU
		{115EBEDA-EC57-4DF8-9542-3BC8A4DDDCD4}.Debug|Any CPU.Build.0 = Debug|Any CPU
		{115EBEDA-EC57-4DF8-9542-3BC8A4DDDCD4}.Release|Any CPU.ActiveCfg = Release|Any CPU
		{115EBEDA-EC57-4DF8-9542-3BC8A4DDDCD4}.Release|Any CPU.Build.0 = Release|Any CPU
		{270D22BF-5F70-4BAA-AC9D-E11EEFA4AF06}.Debug|Any CPU.ActiveCfg = Debug|Any CPU
		{270D22BF-5F70-4BAA-AC9D-E11EEFA4AF06}.Debug|Any CPU.Build.0 = Debug|Any CPU
		{270D22BF-5F70-4BAA-AC9D-E11EEFA4AF06}.Release|Any CPU.ActiveCfg = Release|Any CPU
		{270D22BF-5F70-4BAA-AC9D-E11EEFA4AF06}.Release|Any CPU.Build.0 = Release|Any CPU
		{0F4C3717-8B09-4DCF-8B24-D472277F98F2}.Debug|Any CPU.ActiveCfg = Debug|Any CPU
		{0F4C3717-8B09-4DCF-8B24-D472277F98F2}.Debug|Any CPU.Build.0 = Debug|Any CPU
		{0F4C3717-8B09-4DCF-8B24-D472277F98F2}.Release|Any CPU.ActiveCfg = Release|Any CPU
		{0F4C3717-8B09-4DCF-8B24-D472277F98F2}.Release|Any CPU.Build.0 = Release|Any CPU
		{A5F26B1E-B3EE-4F5C-A959-9FFFAAE382D6}.Debug|Any CPU.ActiveCfg = Debug|Any CPU
		{A5F26B1E-B3EE-4F5C-A959-9FFFAAE382D6}.Debug|Any CPU.Build.0 = Debug|Any CPU
		{A5F26B1E-B3EE-4F5C-A959-9FFFAAE382D6}.Release|Any CPU.ActiveCfg = Release|Any CPU
		{A5F26B1E-B3EE-4F5C-A959-9FFFAAE382D6}.Release|Any CPU.Build.0 = Release|Any CPU
	EndGlobalSection
	GlobalSection(SolutionProperties) = preSolution
		HideSolutionNode = FALSE
	EndGlobalSection
	GlobalSection(ExtensibilityGlobals) = postSolution
		SolutionGuid = {46423AE1-8F37-4F60-9E49-02D670898048}
	EndGlobalSection
EndGlobal
